
Microsoft Visual Studio Solution File, Format Version 12.00
# Visual Studio Version 16
VisualStudioVersion = 16.0.31911.196
MinimumVisualStudioVersion = 10.0.40219.1
Project("{FAE04EC0-301F-11D3-BF4B-00C04F79EFBC}") = "Lab8.1", "Lab8\Lab8.1.csproj", "{EAB4E62E-8488-48DA-9F5C-83C97F0E87FD}"
EndProject
Project("{FAE04EC0-301F-11D3-BF4B-00C04F79EFBC}") = "Lab8.2", "Lab8.2\Lab8.2.csproj", "{5F803DC8-D2EF-4837-9AC7-23FA7BBFDD3C}"
EndProject
Global
	GlobalSection(SolutionConfigurationPlatforms) = preSolution
		Debug|Any CPU = Debug|Any CPU
		Release|Any CPU = Release|Any CPU
	EndGlobalSection
	GlobalSection(ProjectConfigurationPlatforms) = postSolution
		{EAB4E62E-8488-48DA-9F5C-83C97F0E87FD}.Debug|Any CPU.ActiveCfg = Debug|Any CPU
		{EAB4E62E-8488-48DA-9F5C-83C97F0E87FD}.Debug|Any CPU.Build.0 = Debug|Any CPU
		{EAB4E62E-8488-48DA-9F5C-83C97F0E87FD}.Release|Any CPU.ActiveCfg = Release|Any CPU
		{EAB4E62E-8488-48DA-9F5C-83C97F0E87FD}.Release|Any CPU.Build.0 = Release|Any CPU
		{5F803DC8-D2EF-4837-9AC7-23FA7BBFDD3C}.Debug|Any CPU.ActiveCfg = Debug|Any CPU
		{5F803DC8-D2EF-4837-9AC7-23FA7BBFDD3C}.Debug|Any CPU.Build.0 = Debug|Any CPU
		{5F803DC8-D2EF-4837-9AC7-23FA7BBFDD3C}.Release|Any CPU.ActiveCfg = Release|Any CPU
		{5F803DC8-D2EF-4837-9AC7-23FA7BBFDD3C}.Release|Any CPU.Build.0 = Release|Any CPU
	EndGlobalSection
	GlobalSection(SolutionProperties) = preSolution
		HideSolutionNode = FALSE
	EndGlobalSection
	GlobalSection(ExtensibilityGlobals) = postSolution
		SolutionGuid = {BD0C1853-6B85-48F9-96EA-0891487F8E29}
	EndGlobalSection
EndGlobal
